// !$*UTF8*$!
{
	archiveVersion = 1;
	classes = {
	};
	objectVersion = 50;
	objects = {

/* Begin PBXBuildFile section */
		FC371C32218C98CF006BCAE1 /* AppDelegate.swift in Sources */ = {isa = PBXBuildFile; fileRef = FC371C31218C98CF006BCAE1 /* AppDelegate.swift */; };
		FC371C34218C98CF006BCAE1 /* ViewController.swift in Sources */ = {isa = PBXBuildFile; fileRef = FC371C33218C98CF006BCAE1 /* ViewController.swift */; };
		FC371C37218C98CF006BCAE1 /* Main.storyboard in Resources */ = {isa = PBXBuildFile; fileRef = FC371C35218C98CF006BCAE1 /* Main.storyboard */; };
		FC371C3A218C98CF006BCAE1 /* TADemo.xcdatamodeld in Sources */ = {isa = PBXBuildFile; fileRef = FC371C38218C98CF006BCAE1 /* TADemo.xcdatamodeld */; };
		FC371C3C218C98D2006BCAE1 /* Assets.xcassets in Resources */ = {isa = PBXBuildFile; fileRef = FC371C3B218C98D2006BCAE1 /* Assets.xcassets */; };
		FC371C3F218C98D2006BCAE1 /* LaunchScreen.storyboard in Resources */ = {isa = PBXBuildFile; fileRef = FC371C3D218C98D2006BCAE1 /* LaunchScreen.storyboard */; };
/* End PBXBuildFile section */

/* Begin PBXFileReference section */
		FC371C2E218C98CF006BCAE1 /* TADemo.app */ = {isa = PBXFileReference; explicitFileType = wrapper.application; includeInIndex = 0; path = TADemo.app; sourceTree = BUILT_PRODUCTS_DIR; };
		FC371C31218C98CF006BCAE1 /* AppDelegate.swift */ = {isa = PBXFileReference; lastKnownFileType = sourcecode.swift; path = AppDelegate.swift; sourceTree = "<group>"; };
		FC371C33218C98CF006BCAE1 /* ViewController.swift */ = {isa = PBXFileReference; lastKnownFileType = sourcecode.swift; path = ViewController.swift; sourceTree = "<group>"; };
		FC371C36218C98CF006BCAE1 /* Base */ = {isa = PBXFileReference; lastKnownFileType = file.storyboard; name = Base; path = Base.lproj/Main.storyboard; sourceTree = "<group>"; };
		FC371C39218C98CF006BCAE1 /* TADemo.xcdatamodel */ = {isa = PBXFileReference; lastKnownFileType = wrapper.xcdatamodel; path = TADemo.xcdatamodel; sourceTree = "<group>"; };
		FC371C3B218C98D2006BCAE1 /* Assets.xcassets */ = {isa = PBXFileReference; lastKnownFileType = folder.assetcatalog; path = Assets.xcassets; sourceTree = "<group>"; };
		FC371C3E218C98D2006BCAE1 /* Base */ = {isa = PBXFileReference; lastKnownFileType = file.storyboard; name = Base; path = Base.lproj/LaunchScreen.storyboard; sourceTree = "<group>"; };
		FC371C40218C98D2006BCAE1 /* Info.plist */ = {isa = PBXFileReference; lastKnownFileType = text.plist.xml; path = Info.plist; sourceTree = "<group>"; };
/* End PBXFileReference section */

/* Begin PBXFrameworksBuildPhase section */
		FC371C2B218C98CF006BCAE1 /* Frameworks */ = {
			isa = PBXFrameworksBuildPhase;
			buildActionMask = 2147483647;
			files = (
			);
			runOnlyForDeploymentPostprocessing = 0;
		};
/* End PBXFrameworksBuildPhase section */

/* Begin PBXGroup section */
		FC371C25218C98CF006BCAE1 = {
			isa = PBXGroup;
			children = (
				FC371C30218C98CF006BCAE1 /* TADemo */,
				FC371C2F218C98CF006BCAE1 /* Products */,
			);
			sourceTree = "<group>";
		};
		FC371C2F218C98CF006BCAE1 /* Products */ = {
			isa = PBXGroup;
			children = (
				FC371C2E218C98CF006BCAE1 /* TADemo.app */,
			);
			name = Products;
			sourceTree = "<group>";
		};
		FC371C30218C98CF006BCAE1 /* TADemo */ = {
			isa = PBXGroup;
			children = (
				FC371C31218C98CF006BCAE1 /* AppDelegate.swift */,
				FC371C33218C98CF006BCAE1 /* ViewController.swift */,
				FC371C35218C98CF006BCAE1 /* Main.storyboard */,
				FC371C3B218C98D2006BCAE1 /* Assets.xcassets */,
				FC371C3D218C98D2006BCAE1 /* LaunchScreen.storyboard */,
				FC371C40218C98D2006BCAE1 /* Info.plist */,
				FC371C38218C98CF006BCAE1 /* TADemo.xcdatamodeld */,
			);
			path = TADemo;
			sourceTree = "<group>";
		};
/* End PBXGroup section */

/* Begin PBXNativeTarget section */
		FC371C2D218C98CF006BCAE1 /* TADemo */ = {
			isa = PBXNativeTarget;
			buildConfigurationList = FC371C43218C98D2006BCAE1 /* Build configuration list for PBXNativeTarget "TADemo" */;
			buildPhases = (
				FC371C2A218C98CF006BCAE1 /* Sources */,
				FC371C2B218C98CF006BCAE1 /* Frameworks */,
				FC371C2C218C98CF006BCAE1 /* Resources */,
			);
			buildRules = (
			);
			dependencies = (
			);
			name = TADemo;
			productName = TADemo;
			productReference = FC371C2E218C98CF006BCAE1 /* TADemo.app */;
			productType = "com.apple.product-type.application";
		};
/* End PBXNativeTarget section */

/* Begin PBXProject section */
		FC371C26218C98CF006BCAE1 /* Project object */ = {
			isa = PBXProject;
			attributes = {
				LastSwiftUpdateCheck = 0940;
				LastUpgradeCheck = 0940;
				ORGANIZATIONNAME = Shaurya;
				TargetAttributes = {
					FC371C2D218C98CF006BCAE1 = {
						CreatedOnToolsVersion = 9.4.1;
					};
				};
			};
			buildConfigurationList = FC371C29218C98CF006BCAE1 /* Build configuration list for PBXProject "TADemo" */;
			compatibilityVersion = "Xcode 9.3";
			developmentRegion = en;
			hasScannedForEncodings = 0;
			knownRegions = (
				en,
				Base,
			);
			mainGroup = FC371C25218C98CF006BCAE1;
			productRefGroup = FC371C2F218C98CF006BCAE1 /* Products */;
			projectDirPath = "";
			projectRoot = "";
			targets = (
				FC371C2D218C98CF006BCAE1 /* TADemo */,
			);
		};
/* End PBXProject section */

/* Begin PBXResourcesBuildPhase section */
		FC371C2C218C98CF006BCAE1 /* Resources */ = {
			isa = PBXResourcesBuildPhase;
			buildActionMask = 2147483647;
			files = (
				FC371C3F218C98D2006BCAE1 /* LaunchScreen.storyboard in Resources */,
				FC371C3C218C98D2006BCAE1 /* Assets.xcassets in Resources */,
				FC371C37218C98CF006BCAE1 /* Main.storyboard in Resources */,
			);
			runOnlyForDeploymentPostprocessing = 0;
		};
/* End PBXResourcesBuildPhase section */

/* Begin PBXSourcesBuildPhase section */
		FC371C2A218C98CF006BCAE1 /* Sources */ = {
			isa = PBXSourcesBuildPhase;
			buildActionMask = 2147483647;
			files = (
				FC371C34218C98CF006BCAE1 /* ViewController.swift in Sources */,
				FC371C3A218C98CF006BCAE1 /* TADemo.xcdatamodeld in Sources */,
				FC371C32218C98CF006BCAE1 /* AppDelegate.swift in Sources */,
			);
			runOnlyForDeploymentPostprocessing = 0;
		};
/* End PBXSourcesBuildPhase section */

/* Begin PBXVariantGroup section */
		FC371C35218C98CF006BCAE1 /* Main.storyboard */ = {
			isa = PBXVariantGroup;
			children = (
				FC371C36218C98CF006BCAE1 /* Base */,
			);
			name = Main.storyboard;
			sourceTree = "<group>";
		};
		FC371C3D218C98D2006BCAE1 /* LaunchScreen.storyboard */ = {
			isa = PBXVariantGroup;
			children = (
				FC371C3E218C98D2006BCAE1 /* Base */,
			);
			name = LaunchScreen.storyboard;
			sourceTree = "<group>";
		};
/* End PBXVariantGroup section */

/* Begin XCBuildConfiguration section */
		FC371C41218C98D2006BCAE1 /* Debug */ = {
			isa = XCBuildConfiguration;
			buildSettings = {
				ALWAYS_SEARCH_USER_PATHS = NO;
				CLANG_ANALYZER_NONNULL = YES;
				CLANG_ANALYZER_NUMBER_OBJECT_CONVERSION = YES_AGGRESSIVE;
				CLANG_CXX_LANGUAGE_STANDARD = "gnu++14";
				CLANG_CXX_LIBRARY = "libc++";
				CLANG_ENABLE_MODULES = YES;
				CLANG_ENABLE_OBJC_ARC = YES;
				CLANG_ENABLE_OBJC_WEAK = YES;
				CLANG_WARN_BLOCK_CAPTURE_AUTORELEASING = YES;
				CLANG_WARN_BOOL_CONVERSION = YES;
				CLANG_WARN_COMMA = YES;
				CLANG_WARN_CONSTANT_CONVERSION = YES;
				CLANG_WARN_DEPRECATED_OBJC_IMPLEMENTATIONS = YES;
				CLANG_WARN_DIRECT_OBJC_ISA_USAGE = YES_ERROR;
				CLANG_WARN_DOCUMENTATION_COMMENTS = YES;
				CLANG_WARN_EMPTY_BODY = YES;
				CLANG_WARN_ENUM_CONVERSION = YES;
				CLANG_WARN_INFINITE_RECURSION = YES;
				CLANG_WARN_INT_CONVERSION = YES;
				CLANG_WARN_NON_LITERAL_NULL_CONVERSION = YES;
				CLANG_WARN_OBJC_IMPLICIT_RETAIN_SELF = YES;
				CLANG_WARN_OBJC_LITERAL_CONVERSION = YES;
				CLANG_WARN_OBJC_ROOT_CLASS = YES_ERROR;
				CLANG_WARN_RANGE_LOOP_ANALYSIS = YES;
				CLANG_WARN_STRICT_PROTOTYPES = YES;
				CLANG_WARN_SUSPICIOUS_MOVE = YES;
				CLANG_WARN_UNGUARDED_AVAILABILITY = YES_AGGRESSIVE;
				CLANG_WARN_UNREACHABLE_CODE = YES;
				CLANG_WARN__DUPLICATE_METHOD_MATCH = YES;
				CODE_SIGN_IDENTITY = "iPhone Developer";
				COPY_PHASE_STRIP = NO;
				DEBUG_INFORMATION_FORMAT = dwarf;
				ENABLE_STRICT_OBJC_MSGSEND = YES;
				ENABLE_TESTABILITY = YES;
				GCC_C_LANGUAGE_STANDARD = gnu11;
				GCC_DYNAMIC_NO_PIC = NO;
				GCC_NO_COMMON_BLOCKS = YES;
				GCC_OPTIMIZATION_LEVEL = 0;
				GCC_PREPROCESSOR_DEFINITIONS = (
					"DEBUG=1",
					"$(inherited)",
				);
				GCC_WARN_64_TO_32_BIT_CONVERSION = YES;
				GCC_WARN_ABOUT_RETURN_TYPE = YES_ERROR;
				GCC_WARN_UNDECLARED_SELECTOR = YES;
				GCC_WARN_UNINITIALIZED_AUTOS = YES_AGGRESSIVE;
				GCC_WARN_UNUSED_FUNCTION = YES;
				GCC_WARN_UNUSED_VARIABLE = YES;
				IPHONEOS_DEPLOYMENT_TARGET = 11.4;
				MTL_ENABLE_DEBUG_INFO = YES;
				ONLY_ACTIVE_ARCH = YES;
				SDKROOT = iphoneos;
				SWIFT_ACTIVE_COMPILATION_CONDITIONS = DEBUG;
				SWIFT_OPTIMIZATION_LEVEL = "-Onone";
			};
			name = Debug;
		};
		FC371C42218C98D2006BCAE1 /* Release */ = {
			isa = XCBuildConfiguration;
			buildSettings = {
				ALWAYS_SEARCH_USER_PATHS = NO;
				CLANG_ANALYZER_NONNULL = YES;
				CLANG_ANALYZER_NUMBER_OBJECT_CONVERSION = YES_AGGRESSIVE;
				CLANG_CXX_LANGUAGE_STANDARD = "gnu++14";
				CLANG_CXX_LIBRARY = "libc++";
				CLANG_ENABLE_MODULES = YES;
				CLANG_ENABLE_OBJC_ARC = YES;
				CLANG_ENABLE_OBJC_WEAK = YES;
				CLANG_WARN_BLOCK_CAPTURE_AUTORELEASING = YES;
				CLANG_WARN_BOOL_CONVERSION = YES;
				CLANG_WARN_COMMA = YES;
				CLANG_WARN_CONSTANT_CONVERSION = YES;
				CLANG_WARN_DEPRECATED_OBJC_IMPLEMENTATIONS = YES;
				CLANG_WARN_DIRECT_OBJC_ISA_USAGE = YES_ERROR;
				CLANG_WARN_DOCUMENTATION_COMMENTS = YES;
				CLANG_WARN_EMPTY_BODY = YES;
				CLANG_WARN_ENUM_CONVERSION = YES;
				CLANG_WARN_INFINITE_RECURSION = YES;
				CLANG_WARN_INT_CONVERSION = YES;
				CLANG_WARN_NON_LITERAL_NULL_CONVERSION = YES;
				CLANG_WARN_OBJC_IMPLICIT_RETAIN_SELF = YES;
				CLANG_WARN_OBJC_LITERAL_CONVERSION = YES;
				CLANG_WARN_OBJC_ROOT_CLASS = YES_ERROR;
				CLANG_WARN_RANGE_LOOP_ANALYSIS = YES;
				CLANG_WARN_STRICT_PROTOTYPES = YES;
				CLANG_WARN_SUSPICIOUS_MOVE = YES;
				CLANG_WARN_UNGUARDED_AVAILABILITY = YES_AGGRESSIVE;
				CLANG_WARN_UNREACHABLE_CODE = YES;
				CLANG_WARN__DUPLICATE_METHOD_MATCH = YES;
				CODE_SIGN_IDENTITY = "iPhone Developer";
				COPY_PHASE_STRIP = NO;
				DEBUG_INFORMATION_FORMAT = "dwarf-with-dsym";
				ENABLE_NS_ASSERTIONS = NO;
				ENABLE_STRICT_OBJC_MSGSEND = YES;
				GCC_C_LANGUAGE_STANDARD = gnu11;
				GCC_NO_COMMON_BLOCKS = YES;
				GCC_WARN_64_TO_32_BIT_CONVERSION = YES;
				GCC_WARN_ABOUT_RETURN_TYPE = YES_ERROR;
				GCC_WARN_UNDECLARED_SELECTOR = YES;
				GCC_WARN_UNINITIALIZED_AUTOS = YES_AGGRESSIVE;
				GCC_WARN_UNUSED_FUNCTION = YES;
				GCC_WARN_UNUSED_VARIABLE = YES;
				IPHONEOS_DEPLOYMENT_TARGET = 11.4;
				MTL_ENABLE_DEBUG_INFO = NO;
				SDKROOT = iphoneos;
				SWIFT_COMPILATION_MODE = wholemodule;
				SWIFT_OPTIMIZATION_LEVEL = "-O";
				VALIDATE_PRODUCT = YES;
			};
			name = Release;
		};
		FC371C44218C98D2006BCAE1 /* Debug */ = {
			isa = XCBuildConfiguration;
			buildSettings = {
				ASSETCATALOG_COMPILER_APPICON_NAME = AppIcon;
				CODE_SIGN_STYLE = Automatic;
				DEVELOPMENT_TEAM = TWQXYA585K;
				INFOPLIST_FILE = TADemo/Info.plist;
				LD_RUNPATH_SEARCH_PATHS = (
					"$(inherited)",
					"@executable_path/Frameworks",
				);
				PRODUCT_BUNDLE_IDENTIFIER = com.Shaurya.TADemo;
				PRODUCT_NAME = "$(TARGET_NAME)";
				SWIFT_VERSION = 4.0;
				TARGETED_DEVICE_FAMILY = "1,2";
			};
			name = Debug;
		};
		FC371C45218C98D2006BCAE1 /* Release */ = {
			isa = XCBuildConfiguration;
			buildSettings = {
				ASSETCATALOG_COMPILER_APPICON_NAME = AppIcon;
				CODE_SIGN_STYLE = Automatic;
				DEVELOPMENT_TEAM = TWQXYA585K;
				INFOPLIST_FILE = TADemo/Info.plist;
				LD_RUNPATH_SEARCH_PATHS = (
					"$(inherited)",
					"@executable_path/Frameworks",
				);
				PRODUCT_BUNDLE_IDENTIFIER = com.Shaurya.TADemo;
				PRODUCT_NAME = "$(TARGET_NAME)";
				SWIFT_VERSION = 4.0;
				TARGETED_DEVICE_FAMILY = "1,2";
			};
			name = Release;
		};
/* End XCBuildConfiguration section */

/* Begin XCConfigurationList section */
		FC371C29218C98CF006BCAE1 /* Build configuration list for PBXProject "TADemo" */ = {
			isa = XCConfigurationList;
			buildConfigurations = (
				FC371C41218C98D2006BCAE1 /* Debug */,
				FC371C42218C98D2006BCAE1 /* Release */,
			);
			defaultConfigurationIsVisible = 0;
			defaultConfigurationName = Release;
		};
		FC371C43218C98D2006BCAE1 /* Build configuration list for PBXNativeTarget "TADemo" */ = {
			isa = XCConfigurationList;
			buildConfigurations = (
				FC371C44218C98D2006BCAE1 /* Debug */,
				FC371C45218C98D2006BCAE1 /* Release */,
			);
			defaultConfigurationIsVisible = 0;
			defaultConfigurationName = Release;
		};
/* End XCConfigurationList section */

/* Begin XCVersionGroup section */
		FC371C38218C98CF006BCAE1 /* TADemo.xcdatamodeld */ = {
			isa = XCVersionGroup;
			children = (
				FC371C39218C98CF006BCAE1 /* TADemo.xcdatamodel */,
			);
			currentVersion = FC371C39218C98CF006BCAE1 /* TADemo.xcdatamodel */;
			path = TADemo.xcdatamodeld;
			sourceTree = "<group>";
			versionGroupType = wrapper.xcdatamodel;
		};
/* End XCVersionGroup section */
	};
	rootObject = FC371C26218C98CF006BCAE1 /* Project object */;
}
